// !$*UTF8*$!
{
	archiveVersion = 1;
	classes = {
	};
	objectVersion = 56;
	objects = {

/* Begin PBXBuildFile section */
		050742B62C29CCCC0010677B /* PointExtension.swift in Sources */ = {isa = PBXBuildFile; fileRef = 050742B52C29CCCC0010677B /* PointExtension.swift */; };
		050742B82C29E3630010677B /* TripMapCoordinator.swift in Sources */ = {isa = PBXBuildFile; fileRef = 050742B72C29E3630010677B /* TripMapCoordinator.swift */; };
		050742BD2C2A1D040010677B /* TripMapAnnotation.swift in Sources */ = {isa = PBXBuildFile; fileRef = 050742BC2C2A1D040010677B /* TripMapAnnotation.swift */; };
		050742BF2C2A3BD60010677B /* MapCustomPointAnnotation.swift in Sources */ = {isa = PBXBuildFile; fileRef = 050742BE2C2A3BD60010677B /* MapCustomPointAnnotation.swift */; };
		050742C12C2AB6380010677B /* MKAnnotationViewExtension.swift in Sources */ = {isa = PBXBuildFile; fileRef = 050742C02C2AB6380010677B /* MKAnnotationViewExtension.swift */; };
		050742C52C2ACBD70010677B /* ErrorToastModifier.swift in Sources */ = {isa = PBXBuildFile; fileRef = 050742C42C2ACBD70010677B /* ErrorToastModifier.swift */; };
		050742C72C2ACC0B0010677B /* ViewExtension.swift in Sources */ = {isa = PBXBuildFile; fileRef = 050742C62C2ACC0B0010677B /* ViewExtension.swift */; };
		050742CA2C2ACC730010677B /* ErrorToastView.swift in Sources */ = {isa = PBXBuildFile; fileRef = 050742C92C2ACC730010677B /* ErrorToastView.swift */; };
		050742CD2C2AD5EB0010677B /* Localizable.strings in Resources */ = {isa = PBXBuildFile; fileRef = 050742CB2C2AD5EB0010677B /* Localizable.strings */; };
		050742D02C2ADD0C0010677B /* StopInfo.swift in Sources */ = {isa = PBXBuildFile; fileRef = 050742CF2C2ADD0C0010677B /* StopInfo.swift */; };
		050742D22C2AEF530010677B /* TripListView.swift in Sources */ = {isa = PBXBuildFile; fileRef = 050742D12C2AEF530010677B /* TripListView.swift */; };
		050742D42C2AF1A20010677B /* MKMapViewExtension.swift in Sources */ = {isa = PBXBuildFile; fileRef = 050742D32C2AF1A20010677B /* MKMapViewExtension.swift */; };
		050742D62C2AF1CD0010677B /* TripMapAnnotationExtension.swift in Sources */ = {isa = PBXBuildFile; fileRef = 050742D52C2AF1CD0010677B /* TripMapAnnotationExtension.swift */; };
		051F3DE02C298DC100AA8E56 /* RxSwift in Frameworks */ = {isa = PBXBuildFile; productRef = 051F3DDF2C298DC100AA8E56 /* RxSwift */; };
		051F3DE22C298DC100AA8E56 /* RxTest in Frameworks */ = {isa = PBXBuildFile; productRef = 051F3DE12C298DC100AA8E56 /* RxTest */; };
		051F3DE52C29ABE600AA8E56 /* Polyline in Frameworks */ = {isa = PBXBuildFile; productRef = 051F3DE42C29ABE600AA8E56 /* Polyline */; };
		051F3DE82C29C2C100AA8E56 /* MapUtils.swift in Sources */ = {isa = PBXBuildFile; fileRef = 051F3DE72C29C2C100AA8E56 /* MapUtils.swift */; };
		051F3DEA2C29C3C100AA8E56 /* Constants.swift in Sources */ = {isa = PBXBuildFile; fileRef = 051F3DE92C29C3C100AA8E56 /* Constants.swift */; };
		055899702C26D4AC00CC07EC /* Stop.swift in Sources */ = {isa = PBXBuildFile; fileRef = 0558996F2C26D4AC00CC07EC /* Stop.swift */; };
		055899722C26D4E700CC07EC /* Location.swift in Sources */ = {isa = PBXBuildFile; fileRef = 055899712C26D4E700CC07EC /* Location.swift */; };
		055899742C26D58D00CC07EC /* Point.swift in Sources */ = {isa = PBXBuildFile; fileRef = 055899732C26D58D00CC07EC /* Point.swift */; };
		055899762C26DAD600CC07EC /* TripListMainView.swift in Sources */ = {isa = PBXBuildFile; fileRef = 055899752C26DAD600CC07EC /* TripListMainView.swift */; };
		055899782C26DC6500CC07EC /* TripRowView.swift in Sources */ = {isa = PBXBuildFile; fileRef = 055899772C26DC6500CC07EC /* TripRowView.swift */; };
		0558997A2C26EE6200CC07EC /* TripMapView.swift in Sources */ = {isa = PBXBuildFile; fileRef = 055899792C26EE6200CC07EC /* TripMapView.swift */; };
		0558997E2C26F2E100CC07EC /* MockTripService.swift in Sources */ = {isa = PBXBuildFile; fileRef = 0558997D2C26F2E100CC07EC /* MockTripService.swift */; };
		055899822C2860E700CC07EC /* StringExtension.swift in Sources */ = {isa = PBXBuildFile; fileRef = 055899812C2860E700CC07EC /* StringExtension.swift */; };
		055899842C2873CF00CC07EC /* Enums.swift in Sources */ = {isa = PBXBuildFile; fileRef = 055899832C2873CF00CC07EC /* Enums.swift */; };
		C4B242432C23862A00A537B6 /* BusTripManagerApp.swift in Sources */ = {isa = PBXBuildFile; fileRef = C4B242422C23862A00A537B6 /* BusTripManagerApp.swift */; };
		C4B242452C23862A00A537B6 /* ContentView.swift in Sources */ = {isa = PBXBuildFile; fileRef = C4B242442C23862A00A537B6 /* ContentView.swift */; };
		C4B242472C23862D00A537B6 /* Assets.xcassets in Resources */ = {isa = PBXBuildFile; fileRef = C4B242462C23862D00A537B6 /* Assets.xcassets */; };
		C4B2424A2C23862D00A537B6 /* Preview Assets.xcassets in Resources */ = {isa = PBXBuildFile; fileRef = C4B242492C23862D00A537B6 /* Preview Assets.xcassets */; };
		C4B2424C2C23862D00A537B6 /* Persistence.swift in Sources */ = {isa = PBXBuildFile; fileRef = C4B2424B2C23862D00A537B6 /* Persistence.swift */; };
		C4B2424F2C23862D00A537B6 /* BusTripManager.xcdatamodeld in Sources */ = {isa = PBXBuildFile; fileRef = C4B2424D2C23862D00A537B6 /* BusTripManager.xcdatamodeld */; };
		C4B242592C23862E00A537B6 /* BusTripManagerTests.swift in Sources */ = {isa = PBXBuildFile; fileRef = C4B242582C23862E00A537B6 /* BusTripManagerTests.swift */; };
		C4B242632C23862E00A537B6 /* BusTripManagerUITests.swift in Sources */ = {isa = PBXBuildFile; fileRef = C4B242622C23862E00A537B6 /* BusTripManagerUITests.swift */; };
		C4B242652C23862E00A537B6 /* BusTripManagerUITestsLaunchTests.swift in Sources */ = {isa = PBXBuildFile; fileRef = C4B242642C23862E00A537B6 /* BusTripManagerUITestsLaunchTests.swift */; };
		C4B2427D2C238D1E00A537B6 /* Trip.swift in Sources */ = {isa = PBXBuildFile; fileRef = C4B2427C2C238D1E00A537B6 /* Trip.swift */; };
		C4B242812C238DAF00A537B6 /* TripService.swift in Sources */ = {isa = PBXBuildFile; fileRef = C4B242802C238DAF00A537B6 /* TripService.swift */; };
		C4B242862C2394D900A537B6 /* TripListViewModel.swift in Sources */ = {isa = PBXBuildFile; fileRef = C4B242852C2394D900A537B6 /* TripListViewModel.swift */; };
/* End PBXBuildFile section */

/* Begin PBXContainerItemProxy section */
		C4B242552C23862E00A537B6 /* PBXContainerItemProxy */ = {
			isa = PBXContainerItemProxy;
			containerPortal = C4B242372C23862A00A537B6 /* Project object */;
			proxyType = 1;
			remoteGlobalIDString = C4B2423E2C23862A00A537B6;
			remoteInfo = BusTripManager;
		};
		C4B2425F2C23862E00A537B6 /* PBXContainerItemProxy */ = {
			isa = PBXContainerItemProxy;
			containerPortal = C4B242372C23862A00A537B6 /* Project object */;
			proxyType = 1;
			remoteGlobalIDString = C4B2423E2C23862A00A537B6;
			remoteInfo = BusTripManager;
		};
/* End PBXContainerItemProxy section */

/* Begin PBXFileReference section */
		050742B52C29CCCC0010677B /* PointExtension.swift */ = {isa = PBXFileReference; lastKnownFileType = sourcecode.swift; path = PointExtension.swift; sourceTree = "<group>"; };
		050742B72C29E3630010677B /* TripMapCoordinator.swift */ = {isa = PBXFileReference; lastKnownFileType = sourcecode.swift; path = TripMapCoordinator.swift; sourceTree = "<group>"; };
		050742BC2C2A1D040010677B /* TripMapAnnotation.swift */ = {isa = PBXFileReference; lastKnownFileType = sourcecode.swift; path = TripMapAnnotation.swift; sourceTree = "<group>"; };
		050742BE2C2A3BD60010677B /* MapCustomPointAnnotation.swift */ = {isa = PBXFileReference; lastKnownFileType = sourcecode.swift; path = MapCustomPointAnnotation.swift; sourceTree = "<group>"; };
		050742C02C2AB6380010677B /* MKAnnotationViewExtension.swift */ = {isa = PBXFileReference; lastKnownFileType = sourcecode.swift; path = MKAnnotationViewExtension.swift; sourceTree = "<group>"; };
		050742C42C2ACBD70010677B /* ErrorToastModifier.swift */ = {isa = PBXFileReference; lastKnownFileType = sourcecode.swift; path = ErrorToastModifier.swift; sourceTree = "<group>"; };
		050742C62C2ACC0B0010677B /* ViewExtension.swift */ = {isa = PBXFileReference; lastKnownFileType = sourcecode.swift; path = ViewExtension.swift; sourceTree = "<group>"; };
		050742C92C2ACC730010677B /* ErrorToastView.swift */ = {isa = PBXFileReference; lastKnownFileType = sourcecode.swift; path = ErrorToastView.swift; sourceTree = "<group>"; };
		050742CC2C2AD5EB0010677B /* es */ = {isa = PBXFileReference; lastKnownFileType = text.plist.strings; name = es; path = es.lproj/Localizable.strings; sourceTree = "<group>"; };
		050742CE2C2AD6000010677B /* en */ = {isa = PBXFileReference; lastKnownFileType = text.plist.strings; name = en; path = en.lproj/Localizable.strings; sourceTree = "<group>"; };
		050742CF2C2ADD0C0010677B /* StopInfo.swift */ = {isa = PBXFileReference; lastKnownFileType = sourcecode.swift; path = StopInfo.swift; sourceTree = "<group>"; };
		050742D12C2AEF530010677B /* TripListView.swift */ = {isa = PBXFileReference; lastKnownFileType = sourcecode.swift; path = TripListView.swift; sourceTree = "<group>"; };
		050742D32C2AF1A20010677B /* MKMapViewExtension.swift */ = {isa = PBXFileReference; lastKnownFileType = sourcecode.swift; path = MKMapViewExtension.swift; sourceTree = "<group>"; };
		050742D52C2AF1CD0010677B /* TripMapAnnotationExtension.swift */ = {isa = PBXFileReference; lastKnownFileType = sourcecode.swift; path = TripMapAnnotationExtension.swift; sourceTree = "<group>"; };
		051F3DE72C29C2C100AA8E56 /* MapUtils.swift */ = {isa = PBXFileReference; lastKnownFileType = sourcecode.swift; path = MapUtils.swift; sourceTree = "<group>"; };
		051F3DE92C29C3C100AA8E56 /* Constants.swift */ = {isa = PBXFileReference; lastKnownFileType = sourcecode.swift; path = Constants.swift; sourceTree = "<group>"; };
		0558996F2C26D4AC00CC07EC /* Stop.swift */ = {isa = PBXFileReference; lastKnownFileType = sourcecode.swift; path = Stop.swift; sourceTree = "<group>"; };
		055899712C26D4E700CC07EC /* Location.swift */ = {isa = PBXFileReference; lastKnownFileType = sourcecode.swift; path = Location.swift; sourceTree = "<group>"; };
		055899732C26D58D00CC07EC /* Point.swift */ = {isa = PBXFileReference; lastKnownFileType = sourcecode.swift; path = Point.swift; sourceTree = "<group>"; };
		055899752C26DAD600CC07EC /* TripListMainView.swift */ = {isa = PBXFileReference; lastKnownFileType = sourcecode.swift; path = TripListMainView.swift; sourceTree = "<group>"; };
		055899772C26DC6500CC07EC /* TripRowView.swift */ = {isa = PBXFileReference; lastKnownFileType = sourcecode.swift; path = TripRowView.swift; sourceTree = "<group>"; };
		055899792C26EE6200CC07EC /* TripMapView.swift */ = {isa = PBXFileReference; lastKnownFileType = sourcecode.swift; path = TripMapView.swift; sourceTree = "<group>"; };
		0558997D2C26F2E100CC07EC /* MockTripService.swift */ = {isa = PBXFileReference; lastKnownFileType = sourcecode.swift; path = MockTripService.swift; sourceTree = "<group>"; };
		055899812C2860E700CC07EC /* StringExtension.swift */ = {isa = PBXFileReference; lastKnownFileType = sourcecode.swift; path = StringExtension.swift; sourceTree = "<group>"; };
		055899832C2873CF00CC07EC /* Enums.swift */ = {isa = PBXFileReference; lastKnownFileType = sourcecode.swift; path = Enums.swift; sourceTree = "<group>"; };
		C4B2423F2C23862A00A537B6 /* BusTripManager.app */ = {isa = PBXFileReference; explicitFileType = wrapper.application; includeInIndex = 0; path = BusTripManager.app; sourceTree = BUILT_PRODUCTS_DIR; };
		C4B242422C23862A00A537B6 /* BusTripManagerApp.swift */ = {isa = PBXFileReference; lastKnownFileType = sourcecode.swift; path = BusTripManagerApp.swift; sourceTree = "<group>"; };
		C4B242442C23862A00A537B6 /* ContentView.swift */ = {isa = PBXFileReference; lastKnownFileType = sourcecode.swift; path = ContentView.swift; sourceTree = "<group>"; };
		C4B242462C23862D00A537B6 /* Assets.xcassets */ = {isa = PBXFileReference; lastKnownFileType = folder.assetcatalog; path = Assets.xcassets; sourceTree = "<group>"; };
		C4B242492C23862D00A537B6 /* Preview Assets.xcassets */ = {isa = PBXFileReference; lastKnownFileType = folder.assetcatalog; path = "Preview Assets.xcassets"; sourceTree = "<group>"; };
		C4B2424B2C23862D00A537B6 /* Persistence.swift */ = {isa = PBXFileReference; lastKnownFileType = sourcecode.swift; path = Persistence.swift; sourceTree = "<group>"; };
		C4B2424E2C23862D00A537B6 /* BusTripManager.xcdatamodel */ = {isa = PBXFileReference; lastKnownFileType = wrapper.xcdatamodel; path = BusTripManager.xcdatamodel; sourceTree = "<group>"; };
		C4B242542C23862E00A537B6 /* BusTripManagerTests.xctest */ = {isa = PBXFileReference; explicitFileType = wrapper.cfbundle; includeInIndex = 0; path = BusTripManagerTests.xctest; sourceTree = BUILT_PRODUCTS_DIR; };
		C4B242582C23862E00A537B6 /* BusTripManagerTests.swift */ = {isa = PBXFileReference; lastKnownFileType = sourcecode.swift; path = BusTripManagerTests.swift; sourceTree = "<group>"; };
		C4B2425E2C23862E00A537B6 /* BusTripManagerUITests.xctest */ = {isa = PBXFileReference; explicitFileType = wrapper.cfbundle; includeInIndex = 0; path = BusTripManagerUITests.xctest; sourceTree = BUILT_PRODUCTS_DIR; };
		C4B242622C23862E00A537B6 /* BusTripManagerUITests.swift */ = {isa = PBXFileReference; lastKnownFileType = sourcecode.swift; path = BusTripManagerUITests.swift; sourceTree = "<group>"; };
		C4B242642C23862E00A537B6 /* BusTripManagerUITestsLaunchTests.swift */ = {isa = PBXFileReference; lastKnownFileType = sourcecode.swift; path = BusTripManagerUITestsLaunchTests.swift; sourceTree = "<group>"; };
		C4B2427C2C238D1E00A537B6 /* Trip.swift */ = {isa = PBXFileReference; lastKnownFileType = sourcecode.swift; path = Trip.swift; sourceTree = "<group>"; };
		C4B242802C238DAF00A537B6 /* TripService.swift */ = {isa = PBXFileReference; lastKnownFileType = sourcecode.swift; path = TripService.swift; sourceTree = "<group>"; };
		C4B242852C2394D900A537B6 /* TripListViewModel.swift */ = {isa = PBXFileReference; lastKnownFileType = sourcecode.swift; path = TripListViewModel.swift; sourceTree = "<group>"; };
/* End PBXFileReference section */

/* Begin PBXFrameworksBuildPhase section */
		C4B2423C2C23862A00A537B6 /* Frameworks */ = {
			isa = PBXFrameworksBuildPhase;
			buildActionMask = 2147483647;
			files = (
				051F3DE52C29ABE600AA8E56 /* Polyline in Frameworks */,
				051F3DE02C298DC100AA8E56 /* RxSwift in Frameworks */,
			);
			runOnlyForDeploymentPostprocessing = 0;
		};
		C4B242512C23862E00A537B6 /* Frameworks */ = {
			isa = PBXFrameworksBuildPhase;
			buildActionMask = 2147483647;
			files = (
				051F3DE22C298DC100AA8E56 /* RxTest in Frameworks */,
			);
			runOnlyForDeploymentPostprocessing = 0;
		};
		C4B2425B2C23862E00A537B6 /* Frameworks */ = {
			isa = PBXFrameworksBuildPhase;
			buildActionMask = 2147483647;
			files = (
			);
			runOnlyForDeploymentPostprocessing = 0;
		};
/* End PBXFrameworksBuildPhase section */

/* Begin PBXGroup section */
		050742C82C2ACC640010677B /* Toast */ = {
			isa = PBXGroup;
			children = (
				050742C42C2ACBD70010677B /* ErrorToastModifier.swift */,
				050742C92C2ACC730010677B /* ErrorToastView.swift */,
			);
			path = Toast;
			sourceTree = "<group>";
		};
		051F3DCC2C2980B900AA8E56 /* Assets */ = {
			isa = PBXGroup;
			children = (
				C4B242482C23862D00A537B6 /* Preview Content */,
				C4B242462C23862D00A537B6 /* Assets.xcassets */,
			);
			path = Assets;
			sourceTree = "<group>";
		};
		051F3DCD2C2980C300AA8E56 /* Localization */ = {
			isa = PBXGroup;
			children = (
				050742CB2C2AD5EB0010677B /* Localizable.strings */,
			);
			path = Localization;
			sourceTree = "<group>";
		};
		051F3DCE2C2982D200AA8E56 /* CoreData */ = {
			isa = PBXGroup;
			children = (
				C4B2424D2C23862D00A537B6 /* BusTripManager.xcdatamodeld */,
			);
			path = CoreData;
			sourceTree = "<group>";
		};
		051F3DE62C29C2AD00AA8E56 /* Utils */ = {
			isa = PBXGroup;
			children = (
				050742C82C2ACC640010677B /* Toast */,
				051F3DE72C29C2C100AA8E56 /* MapUtils.swift */,
			);
			path = Utils;
			sourceTree = "<group>";
		};
		0558997B2C26F2B500CC07EC /* Tests */ = {
			isa = PBXGroup;
			children = (
				0558997C2C26F2BD00CC07EC /* Mocks */,
			);
			path = Tests;
			sourceTree = "<group>";
		};
		0558997C2C26F2BD00CC07EC /* Mocks */ = {
			isa = PBXGroup;
			children = (
				0558997D2C26F2E100CC07EC /* MockTripService.swift */,
			);
			path = Mocks;
			sourceTree = "<group>";
		};
		055899852C2873D700CC07EC /* Enums */ = {
			isa = PBXGroup;
			children = (
				055899832C2873CF00CC07EC /* Enums.swift */,
			);
			path = Enums;
			sourceTree = "<group>";
		};
		C4B242362C23862A00A537B6 = {
			isa = PBXGroup;
			children = (
				C4B242412C23862A00A537B6 /* BusTripManager */,
				C4B242572C23862E00A537B6 /* BusTripManagerTests */,
				C4B242612C23862E00A537B6 /* BusTripManagerUITests */,
				C4B242402C23862A00A537B6 /* Products */,
			);
			sourceTree = "<group>";
		};
		C4B242402C23862A00A537B6 /* Products */ = {
			isa = PBXGroup;
			children = (
				C4B2423F2C23862A00A537B6 /* BusTripManager.app */,
				C4B242542C23862E00A537B6 /* BusTripManagerTests.xctest */,
				C4B2425E2C23862E00A537B6 /* BusTripManagerUITests.xctest */,
			);
			name = Products;
			sourceTree = "<group>";
		};
		C4B242412C23862A00A537B6 /* BusTripManager */ = {
			isa = PBXGroup;
			children = (
				C4B2427B2C238CBB00A537B6 /* Sources */,
				C4B242422C23862A00A537B6 /* BusTripManagerApp.swift */,
				0558997B2C26F2B500CC07EC /* Tests */,
				C4B242442C23862A00A537B6 /* ContentView.swift */,
			);
			path = BusTripManager;
			sourceTree = "<group>";
		};
		C4B242482C23862D00A537B6 /* Preview Content */ = {
			isa = PBXGroup;
			children = (
				C4B242492C23862D00A537B6 /* Preview Assets.xcassets */,
			);
			path = "Preview Content";
			sourceTree = "<group>";
		};
		C4B242572C23862E00A537B6 /* BusTripManagerTests */ = {
			isa = PBXGroup;
			children = (
				C4B242582C23862E00A537B6 /* BusTripManagerTests.swift */,
			);
			path = BusTripManagerTests;
			sourceTree = "<group>";
		};
		C4B242612C23862E00A537B6 /* BusTripManagerUITests */ = {
			isa = PBXGroup;
			children = (
				C4B242622C23862E00A537B6 /* BusTripManagerUITests.swift */,
				C4B242642C23862E00A537B6 /* BusTripManagerUITestsLaunchTests.swift */,
			);
			path = BusTripManagerUITests;
			sourceTree = "<group>";
		};
		C4B242732C238B6D00A537B6 /* Modules */ = {
			isa = PBXGroup;
			children = (
				C4B242762C238BA400A537B6 /* TripList */,
			);
			path = Modules;
			sourceTree = "<group>";
		};
		C4B242742C238B7700A537B6 /* Network */ = {
			isa = PBXGroup;
			children = (
				C4B242802C238DAF00A537B6 /* TripService.swift */,
			);
			path = Network;
			sourceTree = "<group>";
		};
		C4B242752C238B8C00A537B6 /* Common */ = {
			isa = PBXGroup;
			children = (
				051F3DE62C29C2AD00AA8E56 /* Utils */,
				051F3DCE2C2982D200AA8E56 /* CoreData */,
				051F3DCD2C2980C300AA8E56 /* Localization */,
				051F3DCC2C2980B900AA8E56 /* Assets */,
				055899852C2873D700CC07EC /* Enums */,
				C4B2427F2C238D9300A537B6 /* Extensions */,
				C4B2427E2C238D8700A537B6 /* Persistence */,
				051F3DE92C29C3C100AA8E56 /* Constants.swift */,
			);
			path = Common;
			sourceTree = "<group>";
		};
		C4B242762C238BA400A537B6 /* TripList */ = {
			isa = PBXGroup;
			children = (
				C4B242772C238BB400A537B6 /* Model */,
				C4B242792C238BC200A537B6 /* View */,
				C4B242782C238BB900A537B6 /* ViewModel */,
				C4B2427A2C238BC700A537B6 /* Coordinator */,
			);
			path = TripList;
			sourceTree = "<group>";
		};
		C4B242772C238BB400A537B6 /* Model */ = {
			isa = PBXGroup;
			children = (
				C4B2427C2C238D1E00A537B6 /* Trip.swift */,
				055899712C26D4E700CC07EC /* Location.swift */,
				055899732C26D58D00CC07EC /* Point.swift */,
				0558996F2C26D4AC00CC07EC /* Stop.swift */,
				050742CF2C2ADD0C0010677B /* StopInfo.swift */,
				050742BC2C2A1D040010677B /* TripMapAnnotation.swift */,
			);
			path = Model;
			sourceTree = "<group>";
		};
		C4B242782C238BB900A537B6 /* ViewModel */ = {
			isa = PBXGroup;
			children = (
				C4B242852C2394D900A537B6 /* TripListViewModel.swift */,
			);
			path = ViewModel;
			sourceTree = "<group>";
		};
		C4B242792C238BC200A537B6 /* View */ = {
			isa = PBXGroup;
			children = (
				055899752C26DAD600CC07EC /* TripListMainView.swift */,
				050742D12C2AEF530010677B /* TripListView.swift */,
				050742BE2C2A3BD60010677B /* MapCustomPointAnnotation.swift */,
				055899772C26DC6500CC07EC /* TripRowView.swift */,
				055899792C26EE6200CC07EC /* TripMapView.swift */,
			);
			path = View;
			sourceTree = "<group>";
		};
		C4B2427A2C238BC700A537B6 /* Coordinator */ = {
			isa = PBXGroup;
			children = (
				050742B72C29E3630010677B /* TripMapCoordinator.swift */,
			);
			path = Coordinator;
			sourceTree = "<group>";
		};
		C4B2427B2C238CBB00A537B6 /* Sources */ = {
			isa = PBXGroup;
			children = (
				C4B242752C238B8C00A537B6 /* Common */,
				C4B242742C238B7700A537B6 /* Network */,
				C4B242732C238B6D00A537B6 /* Modules */,
			);
			path = Sources;
			sourceTree = "<group>";
		};
		C4B2427E2C238D8700A537B6 /* Persistence */ = {
			isa = PBXGroup;
			children = (
				C4B2424B2C23862D00A537B6 /* Persistence.swift */,
			);
			path = Persistence;
			sourceTree = "<group>";
		};
		C4B2427F2C238D9300A537B6 /* Extensions */ = {
			isa = PBXGroup;
			children = (
				050742B52C29CCCC0010677B /* PointExtension.swift */,
				055899812C2860E700CC07EC /* StringExtension.swift */,
				050742C62C2ACC0B0010677B /* ViewExtension.swift */,
				050742D52C2AF1CD0010677B /* TripMapAnnotationExtension.swift */,
				050742D32C2AF1A20010677B /* MKMapViewExtension.swift */,
				050742C02C2AB6380010677B /* MKAnnotationViewExtension.swift */,
			);
			path = Extensions;
			sourceTree = "<group>";
		};
/* End PBXGroup section */

/* Begin PBXNativeTarget section */
		C4B2423E2C23862A00A537B6 /* BusTripManager */ = {
			isa = PBXNativeTarget;
			buildConfigurationList = C4B242682C23862E00A537B6 /* Build configuration list for PBXNativeTarget "BusTripManager" */;
			buildPhases = (
				C4B2423B2C23862A00A537B6 /* Sources */,
				C4B2423C2C23862A00A537B6 /* Frameworks */,
				C4B2423D2C23862A00A537B6 /* Resources */,
			);
			buildRules = (
			);
			dependencies = (
			);
			name = BusTripManager;
			packageProductDependencies = (
				051F3DDF2C298DC100AA8E56 /* RxSwift */,
				051F3DE42C29ABE600AA8E56 /* Polyline */,
			);
			productName = BusTripManager;
			productReference = C4B2423F2C23862A00A537B6 /* BusTripManager.app */;
			productType = "com.apple.product-type.application";
		};
		C4B242532C23862E00A537B6 /* BusTripManagerTests */ = {
			isa = PBXNativeTarget;
			buildConfigurationList = C4B2426B2C23862E00A537B6 /* Build configuration list for PBXNativeTarget "BusTripManagerTests" */;
			buildPhases = (
				C4B242502C23862E00A537B6 /* Sources */,
				C4B242512C23862E00A537B6 /* Frameworks */,
				C4B242522C23862E00A537B6 /* Resources */,
			);
			buildRules = (
			);
			dependencies = (
				C4B242562C23862E00A537B6 /* PBXTargetDependency */,
			);
			name = BusTripManagerTests;
			packageProductDependencies = (
				051F3DE12C298DC100AA8E56 /* RxTest */,
			);
			productName = BusTripManagerTests;
			productReference = C4B242542C23862E00A537B6 /* BusTripManagerTests.xctest */;
			productType = "com.apple.product-type.bundle.unit-test";
		};
		C4B2425D2C23862E00A537B6 /* BusTripManagerUITests */ = {
			isa = PBXNativeTarget;
			buildConfigurationList = C4B2426E2C23862E00A537B6 /* Build configuration list for PBXNativeTarget "BusTripManagerUITests" */;
			buildPhases = (
				C4B2425A2C23862E00A537B6 /* Sources */,
				C4B2425B2C23862E00A537B6 /* Frameworks */,
				C4B2425C2C23862E00A537B6 /* Resources */,
			);
			buildRules = (
			);
			dependencies = (
				C4B242602C23862E00A537B6 /* PBXTargetDependency */,
			);
			name = BusTripManagerUITests;
			productName = BusTripManagerUITests;
			productReference = C4B2425E2C23862E00A537B6 /* BusTripManagerUITests.xctest */;
			productType = "com.apple.product-type.bundle.ui-testing";
		};
/* End PBXNativeTarget section */

/* Begin PBXProject section */
		C4B242372C23862A00A537B6 /* Project object */ = {
			isa = PBXProject;
			attributes = {
				BuildIndependentTargetsInParallel = 1;
				LastSwiftUpdateCheck = 1520;
				LastUpgradeCheck = 1520;
				TargetAttributes = {
					C4B2423E2C23862A00A537B6 = {
						CreatedOnToolsVersion = 15.2;
					};
					C4B242532C23862E00A537B6 = {
						CreatedOnToolsVersion = 15.2;
						TestTargetID = C4B2423E2C23862A00A537B6;
					};
					C4B2425D2C23862E00A537B6 = {
						CreatedOnToolsVersion = 15.2;
						TestTargetID = C4B2423E2C23862A00A537B6;
					};
				};
			};
			buildConfigurationList = C4B2423A2C23862A00A537B6 /* Build configuration list for PBXProject "BusTripManager" */;
			compatibilityVersion = "Xcode 14.0";
			developmentRegion = en;
			hasScannedForEncodings = 0;
			knownRegions = (
				en,
				Base,
				es,
			);
			mainGroup = C4B242362C23862A00A537B6;
			packageReferences = (
				051F3DDE2C298DC100AA8E56 /* XCRemoteSwiftPackageReference "RxSwift" */,
				051F3DE32C29ABE600AA8E56 /* XCRemoteSwiftPackageReference "Polyline" */,
			);
			productRefGroup = C4B242402C23862A00A537B6 /* Products */;
			projectDirPath = "";
			projectRoot = "";
			targets = (
				C4B2423E2C23862A00A537B6 /* BusTripManager */,
				C4B242532C23862E00A537B6 /* BusTripManagerTests */,
				C4B2425D2C23862E00A537B6 /* BusTripManagerUITests */,
			);
		};
/* End PBXProject section */

/* Begin PBXResourcesBuildPhase section */
		C4B2423D2C23862A00A537B6 /* Resources */ = {
			isa = PBXResourcesBuildPhase;
			buildActionMask = 2147483647;
			files = (
				C4B2424A2C23862D00A537B6 /* Preview Assets.xcassets in Resources */,
				050742CD2C2AD5EB0010677B /* Localizable.strings in Resources */,
				C4B242472C23862D00A537B6 /* Assets.xcassets in Resources */,
			);
			runOnlyForDeploymentPostprocessing = 0;
		};
		C4B242522C23862E00A537B6 /* Resources */ = {
			isa = PBXResourcesBuildPhase;
			buildActionMask = 2147483647;
			files = (
			);
			runOnlyForDeploymentPostprocessing = 0;
		};
		C4B2425C2C23862E00A537B6 /* Resources */ = {
			isa = PBXResourcesBuildPhase;
			buildActionMask = 2147483647;
			files = (
			);
			runOnlyForDeploymentPostprocessing = 0;
		};
/* End PBXResourcesBuildPhase section */

/* Begin PBXSourcesBuildPhase section */
		C4B2423B2C23862A00A537B6 /* Sources */ = {
			isa = PBXSourcesBuildPhase;
			buildActionMask = 2147483647;
			files = (
				050742B82C29E3630010677B /* TripMapCoordinator.swift in Sources */,
				0558997A2C26EE6200CC07EC /* TripMapView.swift in Sources */,
				050742D62C2AF1CD0010677B /* TripMapAnnotationExtension.swift in Sources */,
				051F3DEA2C29C3C100AA8E56 /* Constants.swift in Sources */,
				C4B2427D2C238D1E00A537B6 /* Trip.swift in Sources */,
				050742C72C2ACC0B0010677B /* ViewExtension.swift in Sources */,
				050742BD2C2A1D040010677B /* TripMapAnnotation.swift in Sources */,
				C4B2424C2C23862D00A537B6 /* Persistence.swift in Sources */,
				050742D22C2AEF530010677B /* TripListView.swift in Sources */,
				055899762C26DAD600CC07EC /* TripListMainView.swift in Sources */,
				050742B62C29CCCC0010677B /* PointExtension.swift in Sources */,
				055899822C2860E700CC07EC /* StringExtension.swift in Sources */,
				055899842C2873CF00CC07EC /* Enums.swift in Sources */,
				051F3DE82C29C2C100AA8E56 /* MapUtils.swift in Sources */,
				C4B242452C23862A00A537B6 /* ContentView.swift in Sources */,
				050742BF2C2A3BD60010677B /* MapCustomPointAnnotation.swift in Sources */,
				055899702C26D4AC00CC07EC /* Stop.swift in Sources */,
				0558997E2C26F2E100CC07EC /* MockTripService.swift in Sources */,
				050742D42C2AF1A20010677B /* MKMapViewExtension.swift in Sources */,
				055899722C26D4E700CC07EC /* Location.swift in Sources */,
				050742C52C2ACBD70010677B /* ErrorToastModifier.swift in Sources */,
				050742C12C2AB6380010677B /* MKAnnotationViewExtension.swift in Sources */,
				055899782C26DC6500CC07EC /* TripRowView.swift in Sources */,
				050742CA2C2ACC730010677B /* ErrorToastView.swift in Sources */,
				C4B242862C2394D900A537B6 /* TripListViewModel.swift in Sources */,
				055899742C26D58D00CC07EC /* Point.swift in Sources */,
				050742D02C2ADD0C0010677B /* StopInfo.swift in Sources */,
				C4B242432C23862A00A537B6 /* BusTripManagerApp.swift in Sources */,
				C4B242812C238DAF00A537B6 /* TripService.swift in Sources */,
				C4B2424F2C23862D00A537B6 /* BusTripManager.xcdatamodeld in Sources */,
			);
			runOnlyForDeploymentPostprocessing = 0;
		};
		C4B242502C23862E00A537B6 /* Sources */ = {
			isa = PBXSourcesBuildPhase;
			buildActionMask = 2147483647;
			files = (
				C4B242592C23862E00A537B6 /* BusTripManagerTests.swift in Sources */,
			);
			runOnlyForDeploymentPostprocessing = 0;
		};
		C4B2425A2C23862E00A537B6 /* Sources */ = {
			isa = PBXSourcesBuildPhase;
			buildActionMask = 2147483647;
			files = (
				C4B242652C23862E00A537B6 /* BusTripManagerUITestsLaunchTests.swift in Sources */,
				C4B242632C23862E00A537B6 /* BusTripManagerUITests.swift in Sources */,
			);
			runOnlyForDeploymentPostprocessing = 0;
		};
/* End PBXSourcesBuildPhase section */

/* Begin PBXTargetDependency section */
		C4B242562C23862E00A537B6 /* PBXTargetDependency */ = {
			isa = PBXTargetDependency;
			target = C4B2423E2C23862A00A537B6 /* BusTripManager */;
			targetProxy = C4B242552C23862E00A537B6 /* PBXContainerItemProxy */;
		};
		C4B242602C23862E00A537B6 /* PBXTargetDependency */ = {
			isa = PBXTargetDependency;
			target = C4B2423E2C23862A00A537B6 /* BusTripManager */;
			targetProxy = C4B2425F2C23862E00A537B6 /* PBXContainerItemProxy */;
		};
/* End PBXTargetDependency section */

/* Begin PBXVariantGroup section */
		050742CB2C2AD5EB0010677B /* Localizable.strings */ = {
			isa = PBXVariantGroup;
			children = (
				050742CC2C2AD5EB0010677B /* es */,
				050742CE2C2AD6000010677B /* en */,
			);
			name = Localizable.strings;
			sourceTree = "<group>";
		};
/* End PBXVariantGroup section */

/* Begin XCBuildConfiguration section */
		C4B242662C23862E00A537B6 /* Debug */ = {
			isa = XCBuildConfiguration;
			buildSettings = {
				ALWAYS_SEARCH_USER_PATHS = NO;
				ASSETCATALOG_COMPILER_GENERATE_SWIFT_ASSET_SYMBOL_EXTENSIONS = YES;
				CLANG_ANALYZER_NONNULL = YES;
				CLANG_ANALYZER_NUMBER_OBJECT_CONVERSION = YES_AGGRESSIVE;
				CLANG_CXX_LANGUAGE_STANDARD = "gnu++20";
				CLANG_ENABLE_MODULES = YES;
				CLANG_ENABLE_OBJC_ARC = YES;
				CLANG_ENABLE_OBJC_WEAK = YES;
				CLANG_WARN_BLOCK_CAPTURE_AUTORELEASING = YES;
				CLANG_WARN_BOOL_CONVERSION = YES;
				CLANG_WARN_COMMA = YES;
				CLANG_WARN_CONSTANT_CONVERSION = YES;
				CLANG_WARN_DEPRECATED_OBJC_IMPLEMENTATIONS = YES;
				CLANG_WARN_DIRECT_OBJC_ISA_USAGE = YES_ERROR;
				CLANG_WARN_DOCUMENTATION_COMMENTS = YES;
				CLANG_WARN_EMPTY_BODY = YES;
				CLANG_WARN_ENUM_CONVERSION = YES;
				CLANG_WARN_INFINITE_RECURSION = YES;
				CLANG_WARN_INT_CONVERSION = YES;
				CLANG_WARN_NON_LITERAL_NULL_CONVERSION = YES;
				CLANG_WARN_OBJC_IMPLICIT_RETAIN_SELF = YES;
				CLANG_WARN_OBJC_LITERAL_CONVERSION = YES;
				CLANG_WARN_OBJC_ROOT_CLASS = YES_ERROR;
				CLANG_WARN_QUOTED_INCLUDE_IN_FRAMEWORK_HEADER = YES;
				CLANG_WARN_RANGE_LOOP_ANALYSIS = YES;
				CLANG_WARN_STRICT_PROTOTYPES = YES;
				CLANG_WARN_SUSPICIOUS_MOVE = YES;
				CLANG_WARN_UNGUARDED_AVAILABILITY = YES_AGGRESSIVE;
				CLANG_WARN_UNREACHABLE_CODE = YES;
				CLANG_WARN__DUPLICATE_METHOD_MATCH = YES;
				COPY_PHASE_STRIP = NO;
				DEBUG_INFORMATION_FORMAT = dwarf;
				ENABLE_STRICT_OBJC_MSGSEND = YES;
				ENABLE_TESTABILITY = YES;
				ENABLE_USER_SCRIPT_SANDBOXING = YES;
				GCC_C_LANGUAGE_STANDARD = gnu17;
				GCC_DYNAMIC_NO_PIC = NO;
				GCC_NO_COMMON_BLOCKS = YES;
				GCC_OPTIMIZATION_LEVEL = 0;
				GCC_PREPROCESSOR_DEFINITIONS = (
					"DEBUG=1",
					"$(inherited)",
				);
				GCC_WARN_64_TO_32_BIT_CONVERSION = YES;
				GCC_WARN_ABOUT_RETURN_TYPE = YES_ERROR;
				GCC_WARN_UNDECLARED_SELECTOR = YES;
				GCC_WARN_UNINITIALIZED_AUTOS = YES_AGGRESSIVE;
				GCC_WARN_UNUSED_FUNCTION = YES;
				GCC_WARN_UNUSED_VARIABLE = YES;
				IPHONEOS_DEPLOYMENT_TARGET = 15.0;
				LOCALIZATION_PREFERS_STRING_CATALOGS = YES;
				MTL_ENABLE_DEBUG_INFO = INCLUDE_SOURCE;
				MTL_FAST_MATH = YES;
				ONLY_ACTIVE_ARCH = YES;
				SDKROOT = iphoneos;
				SWIFT_ACTIVE_COMPILATION_CONDITIONS = "DEBUG $(inherited)";
				SWIFT_OPTIMIZATION_LEVEL = "-Onone";
			};
			name = Debug;
		};
		C4B242672C23862E00A537B6 /* Release */ = {
			isa = XCBuildConfiguration;
			buildSettings = {
				ALWAYS_SEARCH_USER_PATHS = NO;
				ASSETCATALOG_COMPILER_GENERATE_SWIFT_ASSET_SYMBOL_EXTENSIONS = YES;
				CLANG_ANALYZER_NONNULL = YES;
				CLANG_ANALYZER_NUMBER_OBJECT_CONVERSION = YES_AGGRESSIVE;
				CLANG_CXX_LANGUAGE_STANDARD = "gnu++20";
				CLANG_ENABLE_MODULES = YES;
				CLANG_ENABLE_OBJC_ARC = YES;
				CLANG_ENABLE_OBJC_WEAK = YES;
				CLANG_WARN_BLOCK_CAPTURE_AUTORELEASING = YES;
				CLANG_WARN_BOOL_CONVERSION = YES;
				CLANG_WARN_COMMA = YES;
				CLANG_WARN_CONSTANT_CONVERSION = YES;
				CLANG_WARN_DEPRECATED_OBJC_IMPLEMENTATIONS = YES;
				CLANG_WARN_DIRECT_OBJC_ISA_USAGE = YES_ERROR;
				CLANG_WARN_DOCUMENTATION_COMMENTS = YES;
				CLANG_WARN_EMPTY_BODY = YES;
				CLANG_WARN_ENUM_CONVERSION = YES;
				CLANG_WARN_INFINITE_RECURSION = YES;
				CLANG_WARN_INT_CONVERSION = YES;
				CLANG_WARN_NON_LITERAL_NULL_CONVERSION = YES;
				CLANG_WARN_OBJC_IMPLICIT_RETAIN_SELF = YES;
				CLANG_WARN_OBJC_LITERAL_CONVERSION = YES;
				CLANG_WARN_OBJC_ROOT_CLASS = YES_ERROR;
				CLANG_WARN_QUOTED_INCLUDE_IN_FRAMEWORK_HEADER = YES;
				CLANG_WARN_RANGE_LOOP_ANALYSIS = YES;
				CLANG_WARN_STRICT_PROTOTYPES = YES;
				CLANG_WARN_SUSPICIOUS_MOVE = YES;
				CLANG_WARN_UNGUARDED_AVAILABILITY = YES_AGGRESSIVE;
				CLANG_WARN_UNREACHABLE_CODE = YES;
				CLANG_WARN__DUPLICATE_METHOD_MATCH = YES;
				COPY_PHASE_STRIP = NO;
				DEBUG_INFORMATION_FORMAT = "dwarf-with-dsym";
				ENABLE_NS_ASSERTIONS = NO;
				ENABLE_STRICT_OBJC_MSGSEND = YES;
				ENABLE_USER_SCRIPT_SANDBOXING = YES;
				GCC_C_LANGUAGE_STANDARD = gnu17;
				GCC_NO_COMMON_BLOCKS = YES;
				GCC_WARN_64_TO_32_BIT_CONVERSION = YES;
				GCC_WARN_ABOUT_RETURN_TYPE = YES_ERROR;
				GCC_WARN_UNDECLARED_SELECTOR = YES;
				GCC_WARN_UNINITIALIZED_AUTOS = YES_AGGRESSIVE;
				GCC_WARN_UNUSED_FUNCTION = YES;
				GCC_WARN_UNUSED_VARIABLE = YES;
				IPHONEOS_DEPLOYMENT_TARGET = 15.0;
				LOCALIZATION_PREFERS_STRING_CATALOGS = YES;
				MTL_ENABLE_DEBUG_INFO = NO;
				MTL_FAST_MATH = YES;
				SDKROOT = iphoneos;
				SWIFT_COMPILATION_MODE = wholemodule;
				VALIDATE_PRODUCT = YES;
			};
			name = Release;
		};
		C4B242692C23862E00A537B6 /* Debug */ = {
			isa = XCBuildConfiguration;
			buildSettings = {
				ASSETCATALOG_COMPILER_APPICON_NAME = AppIcon;
				ASSETCATALOG_COMPILER_GLOBAL_ACCENT_COLOR_NAME = AccentColor;
				CODE_SIGN_STYLE = Automatic;
				CURRENT_PROJECT_VERSION = 1;
				DEVELOPMENT_ASSET_PATHS = "\"BusTripManager/Sources/Common/Assets/Preview Content\"";
				DEVELOPMENT_TEAM = DWPD94XKXS;
				ENABLE_PREVIEWS = YES;
				GENERATE_INFOPLIST_FILE = YES;
				INFOPLIST_KEY_UIApplicationSceneManifest_Generation = YES;
				INFOPLIST_KEY_UIApplicationSupportsIndirectInputEvents = YES;
				INFOPLIST_KEY_UILaunchScreen_Generation = YES;
				INFOPLIST_KEY_UISupportedInterfaceOrientations_iPad = "UIInterfaceOrientationPortrait UIInterfaceOrientationPortraitUpsideDown UIInterfaceOrientationLandscapeLeft UIInterfaceOrientationLandscapeRight";
				INFOPLIST_KEY_UISupportedInterfaceOrientations_iPhone = "UIInterfaceOrientationPortrait UIInterfaceOrientationLandscapeLeft UIInterfaceOrientationLandscapeRight";
				LD_RUNPATH_SEARCH_PATHS = (
					"$(inherited)",
					"@executable_path/Frameworks",
				);
				MARKETING_VERSION = 1.0;
				PRODUCT_BUNDLE_IDENTIFIER = rauldevs.BusTripManager;
				PRODUCT_NAME = "$(TARGET_NAME)";
				SWIFT_EMIT_LOC_STRINGS = YES;
				SWIFT_VERSION = 5.0;
				TARGETED_DEVICE_FAMILY = "1,2";
			};
			name = Debug;
		};
		C4B2426A2C23862E00A537B6 /* Release */ = {
			isa = XCBuildConfiguration;
			buildSettings = {
				ASSETCATALOG_COMPILER_APPICON_NAME = AppIcon;
				ASSETCATALOG_COMPILER_GLOBAL_ACCENT_COLOR_NAME = AccentColor;
				CODE_SIGN_STYLE = Automatic;
				CURRENT_PROJECT_VERSION = 1;
				DEVELOPMENT_ASSET_PATHS = "\"BusTripManager/Sources/Common/Assets/Preview Content\"";
				DEVELOPMENT_TEAM = DWPD94XKXS;
				ENABLE_PREVIEWS = YES;
				GENERATE_INFOPLIST_FILE = YES;
				INFOPLIST_KEY_UIApplicationSceneManifest_Generation = YES;
				INFOPLIST_KEY_UIApplicationSupportsIndirectInputEvents = YES;
				INFOPLIST_KEY_UILaunchScreen_Generation = YES;
				INFOPLIST_KEY_UISupportedInterfaceOrientations_iPad = "UIInterfaceOrientationPortrait UIInterfaceOrientationPortraitUpsideDown UIInterfaceOrientationLandscapeLeft UIInterfaceOrientationLandscapeRight";
				INFOPLIST_KEY_UISupportedInterfaceOrientations_iPhone = "UIInterfaceOrientationPortrait UIInterfaceOrientationLandscapeLeft UIInterfaceOrientationLandscapeRight";
				LD_RUNPATH_SEARCH_PATHS = (
					"$(inherited)",
					"@executable_path/Frameworks",
				);
				MARKETING_VERSION = 1.0;
				PRODUCT_BUNDLE_IDENTIFIER = rauldevs.BusTripManager;
				PRODUCT_NAME = "$(TARGET_NAME)";
				SWIFT_EMIT_LOC_STRINGS = YES;
				SWIFT_VERSION = 5.0;
				TARGETED_DEVICE_FAMILY = "1,2";
			};
			name = Release;
		};
		C4B2426C2C23862E00A537B6 /* Debug */ = {
			isa = XCBuildConfiguration;
			buildSettings = {
				ALWAYS_EMBED_SWIFT_STANDARD_LIBRARIES = YES;
				BUNDLE_LOADER = "$(TEST_HOST)";
				CODE_SIGN_STYLE = Automatic;
				CURRENT_PROJECT_VERSION = 1;
				DEVELOPMENT_TEAM = 6LHF82842N;
				GENERATE_INFOPLIST_FILE = YES;
				IPHONEOS_DEPLOYMENT_TARGET = 15.0;
				MARKETING_VERSION = 1.0;
				PRODUCT_BUNDLE_IDENTIFIER = rauldevs.BusTripManagerTests;
				PRODUCT_NAME = "$(TARGET_NAME)";
				SWIFT_EMIT_LOC_STRINGS = NO;
				SWIFT_VERSION = 5.0;
				TARGETED_DEVICE_FAMILY = "1,2";
				TEST_HOST = "$(BUILT_PRODUCTS_DIR)/BusTripManager.app/$(BUNDLE_EXECUTABLE_FOLDER_PATH)/BusTripManager";
			};
			name = Debug;
		};
		C4B2426D2C23862E00A537B6 /* Release */ = {
			isa = XCBuildConfiguration;
			buildSettings = {
				ALWAYS_EMBED_SWIFT_STANDARD_LIBRARIES = YES;
				BUNDLE_LOADER = "$(TEST_HOST)";
				CODE_SIGN_STYLE = Automatic;
				CURRENT_PROJECT_VERSION = 1;
				DEVELOPMENT_TEAM = 6LHF82842N;
				GENERATE_INFOPLIST_FILE = YES;
				IPHONEOS_DEPLOYMENT_TARGET = 15.0;
				MARKETING_VERSION = 1.0;
				PRODUCT_BUNDLE_IDENTIFIER = rauldevs.BusTripManagerTests;
				PRODUCT_NAME = "$(TARGET_NAME)";
				SWIFT_EMIT_LOC_STRINGS = NO;
				SWIFT_VERSION = 5.0;
				TARGETED_DEVICE_FAMILY = "1,2";
				TEST_HOST = "$(BUILT_PRODUCTS_DIR)/BusTripManager.app/$(BUNDLE_EXECUTABLE_FOLDER_PATH)/BusTripManager";
			};
			name = Release;
		};
		C4B2426F2C23862E00A537B6 /* Debug */ = {
			isa = XCBuildConfiguration;
			buildSettings = {
				ALWAYS_EMBED_SWIFT_STANDARD_LIBRARIES = YES;
				CODE_SIGN_STYLE = Automatic;
				CURRENT_PROJECT_VERSION = 1;
				DEVELOPMENT_TEAM = 6LHF82842N;
				GENERATE_INFOPLIST_FILE = YES;
				MARKETING_VERSION = 1.0;
				PRODUCT_BUNDLE_IDENTIFIER = rauldevs.BusTripManagerUITests;
				PRODUCT_NAME = "$(TARGET_NAME)";
				SWIFT_EMIT_LOC_STRINGS = NO;
				SWIFT_VERSION = 5.0;
				TARGETED_DEVICE_FAMILY = "1,2";
				TEST_TARGET_NAME = BusTripManager;
			};
			name = Debug;
		};
		C4B242702C23862E00A537B6 /* Release */ = {
			isa = XCBuildConfiguration;
			buildSettings = {
				ALWAYS_EMBED_SWIFT_STANDARD_LIBRARIES = YES;
				CODE_SIGN_STYLE = Automatic;
				CURRENT_PROJECT_VERSION = 1;
				DEVELOPMENT_TEAM = 6LHF82842N;
				GENERATE_INFOPLIST_FILE = YES;
				MARKETING_VERSION = 1.0;
				PRODUCT_BUNDLE_IDENTIFIER = rauldevs.BusTripManagerUITests;
				PRODUCT_NAME = "$(TARGET_NAME)";
				SWIFT_EMIT_LOC_STRINGS = NO;
				SWIFT_VERSION = 5.0;
				TARGETED_DEVICE_FAMILY = "1,2";
				TEST_TARGET_NAME = BusTripManager;
			};
			name = Release;
		};
/* End XCBuildConfiguration section */

/* Begin XCConfigurationList section */
		C4B2423A2C23862A00A537B6 /* Build configuration list for PBXProject "BusTripManager" */ = {
			isa = XCConfigurationList;
			buildConfigurations = (
				C4B242662C23862E00A537B6 /* Debug */,
				C4B242672C23862E00A537B6 /* Release */,
			);
			defaultConfigurationIsVisible = 0;
			defaultConfigurationName = Release;
		};
		C4B242682C23862E00A537B6 /* Build configuration list for PBXNativeTarget "BusTripManager" */ = {
			isa = XCConfigurationList;
			buildConfigurations = (
				C4B242692C23862E00A537B6 /* Debug */,
				C4B2426A2C23862E00A537B6 /* Release */,
			);
			defaultConfigurationIsVisible = 0;
			defaultConfigurationName = Release;
		};
		C4B2426B2C23862E00A537B6 /* Build configuration list for PBXNativeTarget "BusTripManagerTests" */ = {
			isa = XCConfigurationList;
			buildConfigurations = (
				C4B2426C2C23862E00A537B6 /* Debug */,
				C4B2426D2C23862E00A537B6 /* Release */,
			);
			defaultConfigurationIsVisible = 0;
			defaultConfigurationName = Release;
		};
		C4B2426E2C23862E00A537B6 /* Build configuration list for PBXNativeTarget "BusTripManagerUITests" */ = {
			isa = XCConfigurationList;
			buildConfigurations = (
				C4B2426F2C23862E00A537B6 /* Debug */,
				C4B242702C23862E00A537B6 /* Release */,
			);
			defaultConfigurationIsVisible = 0;
			defaultConfigurationName = Release;
		};
/* End XCConfigurationList section */

/* Begin XCRemoteSwiftPackageReference section */
		051F3DDE2C298DC100AA8E56 /* XCRemoteSwiftPackageReference "RxSwift" */ = {
			isa = XCRemoteSwiftPackageReference;
			repositoryURL = "https://github.com/ReactiveX/RxSwift.git";
			requirement = {
				kind = upToNextMajorVersion;
				minimumVersion = 6.7.1;
			};
		};
		051F3DE32C29ABE600AA8E56 /* XCRemoteSwiftPackageReference "Polyline" */ = {
			isa = XCRemoteSwiftPackageReference;
			repositoryURL = "https://github.com/raphaelmor/Polyline.git";
			requirement = {
				kind = upToNextMajorVersion;
				minimumVersion = 5.0.2;
			};
		};
/* End XCRemoteSwiftPackageReference section */

/* Begin XCSwiftPackageProductDependency section */
		051F3DDF2C298DC100AA8E56 /* RxSwift */ = {
			isa = XCSwiftPackageProductDependency;
			package = 051F3DDE2C298DC100AA8E56 /* XCRemoteSwiftPackageReference "RxSwift" */;
			productName = RxSwift;
		};
		051F3DE12C298DC100AA8E56 /* RxTest */ = {
			isa = XCSwiftPackageProductDependency;
			package = 051F3DDE2C298DC100AA8E56 /* XCRemoteSwiftPackageReference "RxSwift" */;
			productName = RxTest;
		};
		051F3DE42C29ABE600AA8E56 /* Polyline */ = {
			isa = XCSwiftPackageProductDependency;
			package = 051F3DE32C29ABE600AA8E56 /* XCRemoteSwiftPackageReference "Polyline" */;
			productName = Polyline;
		};
/* End XCSwiftPackageProductDependency section */

/* Begin XCVersionGroup section */
		C4B2424D2C23862D00A537B6 /* BusTripManager.xcdatamodeld */ = {
			isa = XCVersionGroup;
			children = (
				C4B2424E2C23862D00A537B6 /* BusTripManager.xcdatamodel */,
			);
			currentVersion = C4B2424E2C23862D00A537B6 /* BusTripManager.xcdatamodel */;
			path = BusTripManager.xcdatamodeld;
			sourceTree = "<group>";
			versionGroupType = wrapper.xcdatamodel;
		};
/* End XCVersionGroup section */
	};
	rootObject = C4B242372C23862A00A537B6 /* Project object */;
}
